// !$*UTF8*$!
{
	archiveVersion = 1;
	classes = {
	};
	objectVersion = 55;
	objects = {

/* Begin PBXBuildFile section */
		C20FC6C428683734005C6A1A /* taskmanApp.swift in Sources */ = {isa = PBXBuildFile; fileRef = C20FC6C328683734005C6A1A /* taskmanApp.swift */; };
		C20FC6C628683734005C6A1A /* ContentView.swift in Sources */ = {isa = PBXBuildFile; fileRef = C20FC6C528683734005C6A1A /* ContentView.swift */; };
		C20FC6C828683737005C6A1A /* Assets.xcassets in Resources */ = {isa = PBXBuildFile; fileRef = C20FC6C728683737005C6A1A /* Assets.xcassets */; };
		C20FC6CB28683737005C6A1A /* Preview Assets.xcassets in Resources */ = {isa = PBXBuildFile; fileRef = C20FC6CA28683737005C6A1A /* Preview Assets.xcassets */; };
		C20FC6CD28683737005C6A1A /* Persistence.swift in Sources */ = {isa = PBXBuildFile; fileRef = C20FC6CC28683737005C6A1A /* Persistence.swift */; };
		C20FC6D028683737005C6A1A /* taskman.xcdatamodeld in Sources */ = {isa = PBXBuildFile; fileRef = C20FC6CE28683737005C6A1A /* taskman.xcdatamodeld */; };
		C21592C628748AA60041F4FA /* NotificationsView.swift in Sources */ = {isa = PBXBuildFile; fileRef = C21592C528748AA60041F4FA /* NotificationsView.swift */; };
		C21592C828748C8E0041F4FA /* MainHeader.swift in Sources */ = {isa = PBXBuildFile; fileRef = C21592C728748C8E0041F4FA /* MainHeader.swift */; };
		C28411FF28735DD7001E807E /* HomeView.swift in Sources */ = {isa = PBXBuildFile; fileRef = C28411FE28735DD7001E807E /* HomeView.swift */; };
		C284120128735E78001E807E /* MainView.swift in Sources */ = {isa = PBXBuildFile; fileRef = C284120028735E78001E807E /* MainView.swift */; };
		C284120328735EA1001E807E /* TeamView.swift in Sources */ = {isa = PBXBuildFile; fileRef = C284120228735EA1001E807E /* TeamView.swift */; };
		C284120528735ECC001E807E /* SettingsView.swift in Sources */ = {isa = PBXBuildFile; fileRef = C284120428735ECC001E807E /* SettingsView.swift */; };
		C2D5CEEF287184C700015495 /* TaskListView.swift in Sources */ = {isa = PBXBuildFile; fileRef = C2D5CEEE287184C700015495 /* TaskListView.swift */; };
		C2D5CEF2287185DA00015495 /* LaunchScreen.storyboard in Resources */ = {isa = PBXBuildFile; fileRef = C2D5CEF1287185DA00015495 /* LaunchScreen.storyboard */; };
		C2D5CEF52871889A00015495 /* Auth.swift in Sources */ = {isa = PBXBuildFile; fileRef = C2D5CEF42871889A00015495 /* Auth.swift */; };
		C2D5CEF7287188A100015495 /* Reg.swift in Sources */ = {isa = PBXBuildFile; fileRef = C2D5CEF6287188A100015495 /* Reg.swift */; };
		C2D5CEFE28718D9000015495 /* Logo.swift in Sources */ = {isa = PBXBuildFile; fileRef = C2D5CEFD28718D9000015495 /* Logo.swift */; };
		C2D5CF022871902600015495 /* LabeledInput.swift in Sources */ = {isa = PBXBuildFile; fileRef = C2D5CF012871902600015495 /* LabeledInput.swift */; };
		C2E1CC892871AC99009A8505 /* LabeledPasswordInput.swift in Sources */ = {isa = PBXBuildFile; fileRef = C2E1CC882871AC99009A8505 /* LabeledPasswordInput.swift */; };
		C2E1CC8C2871C248009A8505 /* SubmitButton.swift in Sources */ = {isa = PBXBuildFile; fileRef = C2E1CC8B2871C248009A8505 /* SubmitButton.swift */; };
		C2E7574F2877289800D39FC6 /* FilterTab.swift in Sources */ = {isa = PBXBuildFile; fileRef = C2E7574E2877289800D39FC6 /* FilterTab.swift */; };
/* End PBXBuildFile section */

/* Begin PBXFileReference section */
		C20FC6C028683734005C6A1A /* Taskman.app */ = {isa = PBXFileReference; explicitFileType = wrapper.application; includeInIndex = 0; path = Taskman.app; sourceTree = BUILT_PRODUCTS_DIR; };
		C20FC6C328683734005C6A1A /* taskmanApp.swift */ = {isa = PBXFileReference; lastKnownFileType = sourcecode.swift; path = taskmanApp.swift; sourceTree = "<group>"; };
		C20FC6C528683734005C6A1A /* ContentView.swift */ = {isa = PBXFileReference; lastKnownFileType = sourcecode.swift; path = ContentView.swift; sourceTree = "<group>"; };
		C20FC6C728683737005C6A1A /* Assets.xcassets */ = {isa = PBXFileReference; lastKnownFileType = folder.assetcatalog; path = Assets.xcassets; sourceTree = "<group>"; };
		C20FC6CA28683737005C6A1A /* Preview Assets.xcassets */ = {isa = PBXFileReference; lastKnownFileType = folder.assetcatalog; path = "Preview Assets.xcassets"; sourceTree = "<group>"; };
		C20FC6CC28683737005C6A1A /* Persistence.swift */ = {isa = PBXFileReference; lastKnownFileType = sourcecode.swift; path = Persistence.swift; sourceTree = "<group>"; };
		C20FC6CF28683737005C6A1A /* taskman.xcdatamodel */ = {isa = PBXFileReference; lastKnownFileType = wrapper.xcdatamodel; path = taskman.xcdatamodel; sourceTree = "<group>"; };
		C21592C528748AA60041F4FA /* NotificationsView.swift */ = {isa = PBXFileReference; lastKnownFileType = sourcecode.swift; path = NotificationsView.swift; sourceTree = "<group>"; };
		C21592C728748C8E0041F4FA /* MainHeader.swift */ = {isa = PBXFileReference; lastKnownFileType = sourcecode.swift; path = MainHeader.swift; sourceTree = "<group>"; };
		C28411FE28735DD7001E807E /* HomeView.swift */ = {isa = PBXFileReference; lastKnownFileType = sourcecode.swift; path = HomeView.swift; sourceTree = "<group>"; };
		C284120028735E78001E807E /* MainView.swift */ = {isa = PBXFileReference; lastKnownFileType = sourcecode.swift; path = MainView.swift; sourceTree = "<group>"; };
		C284120228735EA1001E807E /* TeamView.swift */ = {isa = PBXFileReference; lastKnownFileType = sourcecode.swift; path = TeamView.swift; sourceTree = "<group>"; };
		C284120428735ECC001E807E /* SettingsView.swift */ = {isa = PBXFileReference; lastKnownFileType = sourcecode.swift; path = SettingsView.swift; sourceTree = "<group>"; };
		C2D5CEEE287184C700015495 /* TaskListView.swift */ = {isa = PBXFileReference; lastKnownFileType = sourcecode.swift; path = TaskListView.swift; sourceTree = "<group>"; };
		C2D5CEF1287185DA00015495 /* LaunchScreen.storyboard */ = {isa = PBXFileReference; lastKnownFileType = file.storyboard; path = LaunchScreen.storyboard; sourceTree = "<group>"; };
		C2D5CEF42871889A00015495 /* Auth.swift */ = {isa = PBXFileReference; lastKnownFileType = sourcecode.swift; path = Auth.swift; sourceTree = "<group>"; };
		C2D5CEF6287188A100015495 /* Reg.swift */ = {isa = PBXFileReference; lastKnownFileType = sourcecode.swift; path = Reg.swift; sourceTree = "<group>"; };
		C2D5CEFD28718D9000015495 /* Logo.swift */ = {isa = PBXFileReference; lastKnownFileType = sourcecode.swift; path = Logo.swift; sourceTree = "<group>"; };
		C2D5CF012871902600015495 /* LabeledInput.swift */ = {isa = PBXFileReference; lastKnownFileType = sourcecode.swift; path = LabeledInput.swift; sourceTree = "<group>"; };
		C2E1CC882871AC99009A8505 /* LabeledPasswordInput.swift */ = {isa = PBXFileReference; lastKnownFileType = sourcecode.swift; path = LabeledPasswordInput.swift; sourceTree = "<group>"; };
		C2E1CC8A2871AE82009A8505 /* Info.plist */ = {isa = PBXFileReference; lastKnownFileType = text.plist; path = Info.plist; sourceTree = "<group>"; };
		C2E1CC8B2871C248009A8505 /* SubmitButton.swift */ = {isa = PBXFileReference; lastKnownFileType = sourcecode.swift; path = SubmitButton.swift; sourceTree = "<group>"; };
		C2E7574E2877289800D39FC6 /* FilterTab.swift */ = {isa = PBXFileReference; lastKnownFileType = sourcecode.swift; path = FilterTab.swift; sourceTree = "<group>"; };
/* End PBXFileReference section */

/* Begin PBXFrameworksBuildPhase section */
		C20FC6BD28683734005C6A1A /* Frameworks */ = {
			isa = PBXFrameworksBuildPhase;
			buildActionMask = 2147483647;
			files = (
			);
			runOnlyForDeploymentPostprocessing = 0;
		};
/* End PBXFrameworksBuildPhase section */

/* Begin PBXGroup section */
		C20FC6B728683734005C6A1A = {
			isa = PBXGroup;
			children = (
				C20FC6C228683734005C6A1A /* taskman */,
				C20FC6C128683734005C6A1A /* Products */,
			);
			sourceTree = "<group>";
		};
		C20FC6C128683734005C6A1A /* Products */ = {
			isa = PBXGroup;
			children = (
				C20FC6C028683734005C6A1A /* Taskman.app */,
			);
			name = Products;
			sourceTree = "<group>";
		};
		C20FC6C228683734005C6A1A /* taskman */ = {
			isa = PBXGroup;
			children = (
				C2E1CC8A2871AE82009A8505 /* Info.plist */,
				C2D5CEF828718D4400015495 /* Components */,
				C2D5CEF02871859800015495 /* etc */,
				C2D5CEED287184A700015495 /* View */,
				C20FC6C328683734005C6A1A /* taskmanApp.swift */,
				C20FC6C728683737005C6A1A /* Assets.xcassets */,
				C20FC6C928683737005C6A1A /* Preview Content */,
			);
			path = taskman;
			sourceTree = "<group>";
		};
		C20FC6C928683737005C6A1A /* Preview Content */ = {
			isa = PBXGroup;
			children = (
				C20FC6CA28683737005C6A1A /* Preview Assets.xcassets */,
			);
			path = "Preview Content";
			sourceTree = "<group>";
		};
		C28411FD28735DB3001E807E /* Main */ = {
			isa = PBXGroup;
			children = (
				C28411FE28735DD7001E807E /* HomeView.swift */,
				C284120228735EA1001E807E /* TeamView.swift */,
				C284120428735ECC001E807E /* SettingsView.swift */,
				C21592C528748AA60041F4FA /* NotificationsView.swift */,
				C284120028735E78001E807E /* MainView.swift */,
			);
			path = Main;
			sourceTree = "<group>";
		};
		C2D5CEED287184A700015495 /* View */ = {
			isa = PBXGroup;
			children = (
				C28411FD28735DB3001E807E /* Main */,
				C2D5CEF32871887000015495 /* firstRespond */,
				C2D5CEEE287184C700015495 /* TaskListView.swift */,
				C2D5CEF1287185DA00015495 /* LaunchScreen.storyboard */,
			);
			path = View;
			sourceTree = "<group>";
		};
		C2D5CEF02871859800015495 /* etc */ = {
			isa = PBXGroup;
			children = (
				C20FC6C528683734005C6A1A /* ContentView.swift */,
				C20FC6CC28683737005C6A1A /* Persistence.swift */,
				C20FC6CE28683737005C6A1A /* taskman.xcdatamodeld */,
			);
			path = etc;
			sourceTree = "<group>";
		};
		C2D5CEF32871887000015495 /* firstRespond */ = {
			isa = PBXGroup;
			children = (
				C2D5CEF42871889A00015495 /* Auth.swift */,
				C2D5CEF6287188A100015495 /* Reg.swift */,
			);
			path = firstRespond;
			sourceTree = "<group>";
		};
		C2D5CEF828718D4400015495 /* Components */ = {
			isa = PBXGroup;
			children = (
				C2D5CEFD28718D9000015495 /* Logo.swift */,
				C2D5CF012871902600015495 /* LabeledInput.swift */,
				C2E1CC882871AC99009A8505 /* LabeledPasswordInput.swift */,
				C2E1CC8B2871C248009A8505 /* SubmitButton.swift */,
				C21592C728748C8E0041F4FA /* MainHeader.swift */,
				C2E7574E2877289800D39FC6 /* FilterTab.swift */,
			);
			path = Components;
			sourceTree = "<group>";
		};
/* End PBXGroup section */

/* Begin PBXNativeTarget section */
		C20FC6BF28683734005C6A1A /* taskman */ = {
			isa = PBXNativeTarget;
			buildConfigurationList = C20FC6D328683737005C6A1A /* Build configuration list for PBXNativeTarget "taskman" */;
			buildPhases = (
				C20FC6BC28683734005C6A1A /* Sources */,
				C20FC6BD28683734005C6A1A /* Frameworks */,
				C20FC6BE28683734005C6A1A /* Resources */,
			);
			buildRules = (
			);
			dependencies = (
			);
			name = taskman;
			productName = taskman;
			productReference = C20FC6C028683734005C6A1A /* Taskman.app */;
			productType = "com.apple.product-type.application";
		};
/* End PBXNativeTarget section */

/* Begin PBXProject section */
		C20FC6B828683734005C6A1A /* Project object */ = {
			isa = PBXProject;
			attributes = {
				BuildIndependentTargetsInParallel = 1;
				LastSwiftUpdateCheck = 1340;
				LastUpgradeCheck = 1340;
				TargetAttributes = {
					C20FC6BF28683734005C6A1A = {
						CreatedOnToolsVersion = 13.4.1;
					};
				};
			};
			buildConfigurationList = C20FC6BB28683734005C6A1A /* Build configuration list for PBXProject "taskman" */;
			compatibilityVersion = "Xcode 13.0";
			developmentRegion = en;
			hasScannedForEncodings = 0;
			knownRegions = (
				en,
				Base,
			);
			mainGroup = C20FC6B728683734005C6A1A;
			productRefGroup = C20FC6C128683734005C6A1A /* Products */;
			projectDirPath = "";
			projectRoot = "";
			targets = (
				C20FC6BF28683734005C6A1A /* taskman */,
			);
		};
/* End PBXProject section */

/* Begin PBXResourcesBuildPhase section */
		C20FC6BE28683734005C6A1A /* Resources */ = {
			isa = PBXResourcesBuildPhase;
			buildActionMask = 2147483647;
			files = (
				C2D5CEF2287185DA00015495 /* LaunchScreen.storyboard in Resources */,
				C20FC6CB28683737005C6A1A /* Preview Assets.xcassets in Resources */,
				C20FC6C828683737005C6A1A /* Assets.xcassets in Resources */,
			);
			runOnlyForDeploymentPostprocessing = 0;
		};
/* End PBXResourcesBuildPhase section */

/* Begin PBXSourcesBuildPhase section */
		C20FC6BC28683734005C6A1A /* Sources */ = {
			isa = PBXSourcesBuildPhase;
			buildActionMask = 2147483647;
			files = (
				C284120528735ECC001E807E /* SettingsView.swift in Sources */,
				C20FC6CD28683737005C6A1A /* Persistence.swift in Sources */,
				C284120128735E78001E807E /* MainView.swift in Sources */,
				C20FC6C628683734005C6A1A /* ContentView.swift in Sources */,
				C21592C828748C8E0041F4FA /* MainHeader.swift in Sources */,
				C2D5CEEF287184C700015495 /* TaskListView.swift in Sources */,
				C2E1CC8C2871C248009A8505 /* SubmitButton.swift in Sources */,
				C284120328735EA1001E807E /* TeamView.swift in Sources */,
				C21592C628748AA60041F4FA /* NotificationsView.swift in Sources */,
				C2D5CF022871902600015495 /* LabeledInput.swift in Sources */,
				C20FC6C428683734005C6A1A /* taskmanApp.swift in Sources */,
				C20FC6D028683737005C6A1A /* taskman.xcdatamodeld in Sources */,
				C2D5CEF52871889A00015495 /* Auth.swift in Sources */,
				C2E1CC892871AC99009A8505 /* LabeledPasswordInput.swift in Sources */,
				C28411FF28735DD7001E807E /* HomeView.swift in Sources */,
				C2D5CEFE28718D9000015495 /* Logo.swift in Sources */,
				C2D5CEF7287188A100015495 /* Reg.swift in Sources */,
				C2E7574F2877289800D39FC6 /* FilterTab.swift in Sources */,
			);
			runOnlyForDeploymentPostprocessing = 0;
		};
/* End PBXSourcesBuildPhase section */

/* Begin XCBuildConfiguration section */
		C20FC6D128683737005C6A1A /* Debug */ = {
			isa = XCBuildConfiguration;
			buildSettings = {
				ALWAYS_SEARCH_USER_PATHS = NO;
				CLANG_ANALYZER_NONNULL = YES;
				CLANG_ANALYZER_NUMBER_OBJECT_CONVERSION = YES_AGGRESSIVE;
				CLANG_CXX_LANGUAGE_STANDARD = "gnu++17";
				CLANG_ENABLE_MODULES = YES;
				CLANG_ENABLE_OBJC_ARC = YES;
				CLANG_ENABLE_OBJC_WEAK = YES;
				CLANG_WARN_BLOCK_CAPTURE_AUTORELEASING = YES;
				CLANG_WARN_BOOL_CONVERSION = YES;
				CLANG_WARN_COMMA = YES;
				CLANG_WARN_CONSTANT_CONVERSION = YES;
				CLANG_WARN_DEPRECATED_OBJC_IMPLEMENTATIONS = YES;
				CLANG_WARN_DIRECT_OBJC_ISA_USAGE = YES_ERROR;
				CLANG_WARN_DOCUMENTATION_COMMENTS = YES;
				CLANG_WARN_EMPTY_BODY = YES;
				CLANG_WARN_ENUM_CONVERSION = YES;
				CLANG_WARN_INFINITE_RECURSION = YES;
				CLANG_WARN_INT_CONVERSION = YES;
				CLANG_WARN_NON_LITERAL_NULL_CONVERSION = YES;
				CLANG_WARN_OBJC_IMPLICIT_RETAIN_SELF = YES;
				CLANG_WARN_OBJC_LITERAL_CONVERSION = YES;
				CLANG_WARN_OBJC_ROOT_CLASS = YES_ERROR;
				CLANG_WARN_QUOTED_INCLUDE_IN_FRAMEWORK_HEADER = YES;
				CLANG_WARN_RANGE_LOOP_ANALYSIS = YES;
				CLANG_WARN_STRICT_PROTOTYPES = YES;
				CLANG_WARN_SUSPICIOUS_MOVE = YES;
				CLANG_WARN_UNGUARDED_AVAILABILITY = YES_AGGRESSIVE;
				CLANG_WARN_UNREACHABLE_CODE = YES;
				CLANG_WARN__DUPLICATE_METHOD_MATCH = YES;
				COPY_PHASE_STRIP = NO;
				DEBUG_INFORMATION_FORMAT = dwarf;
				ENABLE_STRICT_OBJC_MSGSEND = YES;
				ENABLE_TESTABILITY = YES;
				GCC_C_LANGUAGE_STANDARD = gnu11;
				GCC_DYNAMIC_NO_PIC = NO;
				GCC_NO_COMMON_BLOCKS = YES;
				GCC_OPTIMIZATION_LEVEL = 0;
				GCC_PREPROCESSOR_DEFINITIONS = (
					"DEBUG=1",
					"$(inherited)",
				);
				GCC_WARN_64_TO_32_BIT_CONVERSION = YES;
				GCC_WARN_ABOUT_RETURN_TYPE = YES_ERROR;
				GCC_WARN_UNDECLARED_SELECTOR = YES;
				GCC_WARN_UNINITIALIZED_AUTOS = YES_AGGRESSIVE;
				GCC_WARN_UNUSED_FUNCTION = YES;
				GCC_WARN_UNUSED_VARIABLE = YES;
				IPHONEOS_DEPLOYMENT_TARGET = 15.5;
				MTL_ENABLE_DEBUG_INFO = INCLUDE_SOURCE;
				MTL_FAST_MATH = YES;
				ONLY_ACTIVE_ARCH = YES;
				SDKROOT = iphoneos;
				SWIFT_ACTIVE_COMPILATION_CONDITIONS = DEBUG;
				SWIFT_OPTIMIZATION_LEVEL = "-Onone";
			};
			name = Debug;
		};
		C20FC6D228683737005C6A1A /* Release */ = {
			isa = XCBuildConfiguration;
			buildSettings = {
				ALWAYS_SEARCH_USER_PATHS = NO;
				CLANG_ANALYZER_NONNULL = YES;
				CLANG_ANALYZER_NUMBER_OBJECT_CONVERSION = YES_AGGRESSIVE;
				CLANG_CXX_LANGUAGE_STANDARD = "gnu++17";
				CLANG_ENABLE_MODULES = YES;
				CLANG_ENABLE_OBJC_ARC = YES;
				CLANG_ENABLE_OBJC_WEAK = YES;
				CLANG_WARN_BLOCK_CAPTURE_AUTORELEASING = YES;
				CLANG_WARN_BOOL_CONVERSION = YES;
				CLANG_WARN_COMMA = YES;
				CLANG_WARN_CONSTANT_CONVERSION = YES;
				CLANG_WARN_DEPRECATED_OBJC_IMPLEMENTATIONS = YES;
				CLANG_WARN_DIRECT_OBJC_ISA_USAGE = YES_ERROR;
				CLANG_WARN_DOCUMENTATION_COMMENTS = YES;
				CLANG_WARN_EMPTY_BODY = YES;
				CLANG_WARN_ENUM_CONVERSION = YES;
				CLANG_WARN_INFINITE_RECURSION = YES;
				CLANG_WARN_INT_CONVERSION = YES;
				CLANG_WARN_NON_LITERAL_NULL_CONVERSION = YES;
				CLANG_WARN_OBJC_IMPLICIT_RETAIN_SELF = YES;
				CLANG_WARN_OBJC_LITERAL_CONVERSION = YES;
				CLANG_WARN_OBJC_ROOT_CLASS = YES_ERROR;
				CLANG_WARN_QUOTED_INCLUDE_IN_FRAMEWORK_HEADER = YES;
				CLANG_WARN_RANGE_LOOP_ANALYSIS = YES;
				CLANG_WARN_STRICT_PROTOTYPES = YES;
				CLANG_WARN_SUSPICIOUS_MOVE = YES;
				CLANG_WARN_UNGUARDED_AVAILABILITY = YES_AGGRESSIVE;
				CLANG_WARN_UNREACHABLE_CODE = YES;
				CLANG_WARN__DUPLICATE_METHOD_MATCH = YES;
				COPY_PHASE_STRIP = NO;
				DEBUG_INFORMATION_FORMAT = "dwarf-with-dsym";
				ENABLE_NS_ASSERTIONS = NO;
				ENABLE_STRICT_OBJC_MSGSEND = YES;
				GCC_C_LANGUAGE_STANDARD = gnu11;
				GCC_NO_COMMON_BLOCKS = YES;
				GCC_WARN_64_TO_32_BIT_CONVERSION = YES;
				GCC_WARN_ABOUT_RETURN_TYPE = YES_ERROR;
				GCC_WARN_UNDECLARED_SELECTOR = YES;
				GCC_WARN_UNINITIALIZED_AUTOS = YES_AGGRESSIVE;
				GCC_WARN_UNUSED_FUNCTION = YES;
				GCC_WARN_UNUSED_VARIABLE = YES;
				IPHONEOS_DEPLOYMENT_TARGET = 15.5;
				MTL_ENABLE_DEBUG_INFO = NO;
				MTL_FAST_MATH = YES;
				SDKROOT = iphoneos;
				SWIFT_COMPILATION_MODE = wholemodule;
				SWIFT_OPTIMIZATION_LEVEL = "-O";
				VALIDATE_PRODUCT = YES;
			};
			name = Release;
		};
		C20FC6D428683737005C6A1A /* Debug */ = {
			isa = XCBuildConfiguration;
			buildSettings = {
				ASSETCATALOG_COMPILER_APPICON_NAME = AppIcon;
				ASSETCATALOG_COMPILER_GLOBAL_ACCENT_COLOR_NAME = AccentColor;
				ASSETCATALOG_COMPILER_INCLUDE_ALL_APPICON_ASSETS = NO;
				CODE_SIGN_STYLE = Automatic;
				CURRENT_PROJECT_VERSION = 1;
				DEVELOPMENT_ASSET_PATHS = "\"taskman/Preview Content\"";
				DEVELOPMENT_TEAM = BKVX2LKXJH;
				ENABLE_PREVIEWS = YES;
				GENERATE_INFOPLIST_FILE = YES;
				INFOPLIST_FILE = taskman/Info.plist;
				INFOPLIST_KEY_UIApplicationSupportsIndirectInputEvents = YES;
				INFOPLIST_KEY_UILaunchScreen_Generation = YES;
				INFOPLIST_KEY_UILaunchStoryboardName = LaunchScreen;
				INFOPLIST_KEY_UISupportedInterfaceOrientations = UIInterfaceOrientationPortrait;
				INFOPLIST_KEY_UISupportedInterfaceOrientations_iPad = "UIInterfaceOrientationPortrait UIInterfaceOrientationPortraitUpsideDown UIInterfaceOrientationLandscapeLeft UIInterfaceOrientationLandscapeRight";
				INFOPLIST_KEY_UISupportedInterfaceOrientations_iPhone = "UIInterfaceOrientationPortrait UIInterfaceOrientationLandscapeLeft UIInterfaceOrientationLandscapeRight";
				LD_RUNPATH_SEARCH_PATHS = (
					"$(inherited)",
					"@executable_path/Frameworks",
				);
				MARKETING_VERSION = 1.0;
				PRODUCT_BUNDLE_IDENTIFIER = xyz.ymid.taskman;
				PRODUCT_NAME = Taskman;
				SWIFT_EMIT_LOC_STRINGS = YES;
				SWIFT_VERSION = 5.0;
				TARGETED_DEVICE_FAMILY = "1,2";
			};
			name = Debug;
		};
		C20FC6D528683737005C6A1A /* Release */ = {
			isa = XCBuildConfiguration;
			buildSettings = {
				ASSETCATALOG_COMPILER_APPICON_NAME = AppIcon;
				ASSETCATALOG_COMPILER_GLOBAL_ACCENT_COLOR_NAME = AccentColor;
				ASSETCATALOG_COMPILER_INCLUDE_ALL_APPICON_ASSETS = NO;
				CODE_SIGN_STYLE = Automatic;
				CURRENT_PROJECT_VERSION = 1;
				DEVELOPMENT_ASSET_PATHS = "\"taskman/Preview Content\"";
				DEVELOPMENT_TEAM = BKVX2LKXJH;
				ENABLE_PREVIEWS = YES;
				GENERATE_INFOPLIST_FILE = YES;
				INFOPLIST_FILE = taskman/Info.plist;
				INFOPLIST_KEY_UIApplicationSupportsIndirectInputEvents = YES;
				INFOPLIST_KEY_UILaunchScreen_Generation = YES;
				INFOPLIST_KEY_UILaunchStoryboardName = LaunchScreen;
				INFOPLIST_KEY_UISupportedInterfaceOrientations = UIInterfaceOrientationPortrait;
				INFOPLIST_KEY_UISupportedInterfaceOrientations_iPad = "UIInterfaceOrientationPortrait UIInterfaceOrientationPortraitUpsideDown UIInterfaceOrientationLandscapeLeft UIInterfaceOrientationLandscapeRight";
				INFOPLIST_KEY_UISupportedInterfaceOrientations_iPhone = "UIInterfaceOrientationPortrait UIInterfaceOrientationLandscapeLeft UIInterfaceOrientationLandscapeRight";
				LD_RUNPATH_SEARCH_PATHS = (
					"$(inherited)",
					"@executable_path/Frameworks",
				);
				MARKETING_VERSION = 1.0;
				PRODUCT_BUNDLE_IDENTIFIER = xyz.ymid.taskman;
				PRODUCT_NAME = Taskman;
				SWIFT_EMIT_LOC_STRINGS = YES;
				SWIFT_VERSION = 5.0;
				TARGETED_DEVICE_FAMILY = "1,2";
			};
			name = Release;
		};
/* End XCBuildConfiguration section */

/* Begin XCConfigurationList section */
		C20FC6BB28683734005C6A1A /* Build configuration list for PBXProject "taskman" */ = {
			isa = XCConfigurationList;
			buildConfigurations = (
				C20FC6D128683737005C6A1A /* Debug */,
				C20FC6D228683737005C6A1A /* Release */,
			);
			defaultConfigurationIsVisible = 0;
			defaultConfigurationName = Release;
		};
		C20FC6D328683737005C6A1A /* Build configuration list for PBXNativeTarget "taskman" */ = {
			isa = XCConfigurationList;
			buildConfigurations = (
				C20FC6D428683737005C6A1A /* Debug */,
				C20FC6D528683737005C6A1A /* Release */,
			);
			defaultConfigurationIsVisible = 0;
			defaultConfigurationName = Release;
		};
/* End XCConfigurationList section */

/* Begin XCVersionGroup section */
		C20FC6CE28683737005C6A1A /* taskman.xcdatamodeld */ = {
			isa = XCVersionGroup;
			children = (
				C20FC6CF28683737005C6A1A /* taskman.xcdatamodel */,
			);
			currentVersion = C20FC6CF28683737005C6A1A /* taskman.xcdatamodel */;
			path = taskman.xcdatamodeld;
			sourceTree = "<group>";
			versionGroupType = wrapper.xcdatamodel;
		};
/* End XCVersionGroup section */
	};
	rootObject = C20FC6B828683734005C6A1A /* Project object */;
}
